
Microsoft Visual Studio Solution File, Format Version 12.00
# Visual Studio Version 17
VisualStudioVersion = 17.5.002.0
MinimumVisualStudioVersion = 10.0.40219.1
Project("{9A19103F-16F7-4668-BE54-9A1E7A4F7556}") = "explorando-sintaxe-cadastro", "explorando-sintaxe-cadastro.csproj", "{18C877CA-E3D5-479D-89A1-112FC1FD2C1D}"
EndProject
Global
	GlobalSection(SolutionConfigurationPlatforms) = preSolution
		Debug|Any CPU = Debug|Any CPU
		Release|Any CPU = Release|Any CPU
	EndGlobalSection
	GlobalSection(ProjectConfigurationPlatforms) = postSolution
		{18C877CA-E3D5-479D-89A1-112FC1FD2C1D}.Debug|Any CPU.ActiveCfg = Debug|Any CPU
		{18C877CA-E3D5-479D-89A1-112FC1FD2C1D}.Debug|Any CPU.Build.0 = Debug|Any CPU
		{18C877CA-E3D5-479D-89A1-112FC1FD2C1D}.Release|Any CPU.ActiveCfg = Release|Any CPU
		{18C877CA-E3D5-479D-89A1-112FC1FD2C1D}.Release|Any CPU.Build.0 = Release|Any CPU
	EndGlobalSection
	GlobalSection(SolutionProperties) = preSolution
		HideSolutionNode = FALSE
	EndGlobalSection
	GlobalSection(ExtensibilityGlobals) = postSolution
		SolutionGuid = {11ADC275-A8C3-420D-BCE1-F55D4A008FF7}
	EndGlobalSection
EndGlobal
