
Microsoft Visual Studio Solution File, Format Version 12.00
# Visual Studio Version 17
VisualStudioVersion = 17.0.31903.59
MinimumVisualStudioVersion = 10.0.40219.1
Project("{FAE04EC0-301F-11D3-BF4B-00C04F79EFBC}") = "CalculadoraTestes", "CalculadoraTestes\CalculadoraTestes.csproj", "{6625F5DD-384E-4F7A-98D2-EAC108E04B6E}"
EndProject
Project("{FAE04EC0-301F-11D3-BF4B-00C04F79EFBC}") = "Calculadora", "Calculadora\Calculadora.csproj", "{2568FB02-FD0D-4E15-91CD-97FAF0424351}"
EndProject
Global
	GlobalSection(SolutionConfigurationPlatforms) = preSolution
		Debug|Any CPU = Debug|Any CPU
		Release|Any CPU = Release|Any CPU
	EndGlobalSection
	GlobalSection(SolutionProperties) = preSolution
		HideSolutionNode = FALSE
	EndGlobalSection
	GlobalSection(ProjectConfigurationPlatforms) = postSolution
		{6625F5DD-384E-4F7A-98D2-EAC108E04B6E}.Debug|Any CPU.ActiveCfg = Debug|Any CPU
		{6625F5DD-384E-4F7A-98D2-EAC108E04B6E}.Debug|Any CPU.Build.0 = Debug|Any CPU
		{6625F5DD-384E-4F7A-98D2-EAC108E04B6E}.Release|Any CPU.ActiveCfg = Release|Any CPU
		{6625F5DD-384E-4F7A-98D2-EAC108E04B6E}.Release|Any CPU.Build.0 = Release|Any CPU
		{2568FB02-FD0D-4E15-91CD-97FAF0424351}.Debug|Any CPU.ActiveCfg = Debug|Any CPU
		{2568FB02-FD0D-4E15-91CD-97FAF0424351}.Debug|Any CPU.Build.0 = Debug|Any CPU
		{2568FB02-FD0D-4E15-91CD-97FAF0424351}.Release|Any CPU.ActiveCfg = Release|Any CPU
		{2568FB02-FD0D-4E15-91CD-97FAF0424351}.Release|Any CPU.Build.0 = Release|Any CPU
	EndGlobalSection
EndGlobal
