
Microsoft Visual Studio Solution File, Format Version 12.00
# Visual Studio Version 17
VisualStudioVersion = 17.5.002.0
MinimumVisualStudioVersion = 10.0.40219.1
Project("{9A19103F-16F7-4668-BE54-9A1E7A4F7556}") = "Crinado-jogador-futebol", "Crinado-jogador-futebol.csproj", "{CC7832F7-0EC4-4748-8DF9-074A1334EBC9}"
EndProject
Global
	GlobalSection(SolutionConfigurationPlatforms) = preSolution
		Debug|Any CPU = Debug|Any CPU
		Release|Any CPU = Release|Any CPU
	EndGlobalSection
	GlobalSection(ProjectConfigurationPlatforms) = postSolution
		{CC7832F7-0EC4-4748-8DF9-074A1334EBC9}.Debug|Any CPU.ActiveCfg = Debug|Any CPU
		{CC7832F7-0EC4-4748-8DF9-074A1334EBC9}.Debug|Any CPU.Build.0 = Debug|Any CPU
		{CC7832F7-0EC4-4748-8DF9-074A1334EBC9}.Release|Any CPU.ActiveCfg = Release|Any CPU
		{CC7832F7-0EC4-4748-8DF9-074A1334EBC9}.Release|Any CPU.Build.0 = Release|Any CPU
	EndGlobalSection
	GlobalSection(SolutionProperties) = preSolution
		HideSolutionNode = FALSE
	EndGlobalSection
	GlobalSection(ExtensibilityGlobals) = postSolution
		SolutionGuid = {0D92EDB0-5FDC-43C9-835D-53017D46C7C7}
	EndGlobalSection
EndGlobal
