
Microsoft Visual Studio Solution File, Format Version 12.00
# Visual Studio Version 17
VisualStudioVersion = 17.5.002.0
MinimumVisualStudioVersion = 10.0.40219.1
Project("{9A19103F-16F7-4668-BE54-9A1E7A4F7556}") = "Animal", "Animal.csproj", "{63EB69FE-9231-43B1-A134-136D63AB3CF3}"
EndProject
Global
	GlobalSection(SolutionConfigurationPlatforms) = preSolution
		Debug|Any CPU = Debug|Any CPU
		Release|Any CPU = Release|Any CPU
	EndGlobalSection
	GlobalSection(ProjectConfigurationPlatforms) = postSolution
		{63EB69FE-9231-43B1-A134-136D63AB3CF3}.Debug|Any CPU.ActiveCfg = Debug|Any CPU
		{63EB69FE-9231-43B1-A134-136D63AB3CF3}.Debug|Any CPU.Build.0 = Debug|Any CPU
		{63EB69FE-9231-43B1-A134-136D63AB3CF3}.Release|Any CPU.ActiveCfg = Release|Any CPU
		{63EB69FE-9231-43B1-A134-136D63AB3CF3}.Release|Any CPU.Build.0 = Release|Any CPU
	EndGlobalSection
	GlobalSection(SolutionProperties) = preSolution
		HideSolutionNode = FALSE
	EndGlobalSection
	GlobalSection(ExtensibilityGlobals) = postSolution
		SolutionGuid = {183AEF71-817D-4700-8F5B-CEC45061A292}
	EndGlobalSection
EndGlobal
