
Microsoft Visual Studio Solution File, Format Version 12.00
# Visual Studio Version 17
VisualStudioVersion = 17.5.002.0
MinimumVisualStudioVersion = 10.0.40219.1
Project("{9A19103F-16F7-4668-BE54-9A1E7A4F7556}") = "EntradaDeDadosParte1", "EntradaDeDadosParte1.csproj", "{BECF5CE3-0F53-4D88-A3CC-1ABBD2AC3E52}"
EndProject
Global
	GlobalSection(SolutionConfigurationPlatforms) = preSolution
		Debug|Any CPU = Debug|Any CPU
		Release|Any CPU = Release|Any CPU
	EndGlobalSection
	GlobalSection(ProjectConfigurationPlatforms) = postSolution
		{BECF5CE3-0F53-4D88-A3CC-1ABBD2AC3E52}.Debug|Any CPU.ActiveCfg = Debug|Any CPU
		{BECF5CE3-0F53-4D88-A3CC-1ABBD2AC3E52}.Debug|Any CPU.Build.0 = Debug|Any CPU
		{BECF5CE3-0F53-4D88-A3CC-1ABBD2AC3E52}.Release|Any CPU.ActiveCfg = Release|Any CPU
		{BECF5CE3-0F53-4D88-A3CC-1ABBD2AC3E52}.Release|Any CPU.Build.0 = Release|Any CPU
	EndGlobalSection
	GlobalSection(SolutionProperties) = preSolution
		HideSolutionNode = FALSE
	EndGlobalSection
	GlobalSection(ExtensibilityGlobals) = postSolution
		SolutionGuid = {802E1499-0B58-4853-9A39-51BCA9F1A48F}
	EndGlobalSection
EndGlobal
