
Microsoft Visual Studio Solution File, Format Version 12.00
# Visual Studio Version 17
VisualStudioVersion = 17.5.002.0
MinimumVisualStudioVersion = 10.0.40219.1
Project("{9A19103F-16F7-4668-BE54-9A1E7A4F7556}") = "MaiorPosicaoSemArray", "MaiorPosicaoSemArray.csproj", "{F6CD3894-A97D-4815-8049-D5480EFD19D3}"
EndProject
Global
	GlobalSection(SolutionConfigurationPlatforms) = preSolution
		Debug|Any CPU = Debug|Any CPU
		Release|Any CPU = Release|Any CPU
	EndGlobalSection
	GlobalSection(ProjectConfigurationPlatforms) = postSolution
		{F6CD3894-A97D-4815-8049-D5480EFD19D3}.Debug|Any CPU.ActiveCfg = Debug|Any CPU
		{F6CD3894-A97D-4815-8049-D5480EFD19D3}.Debug|Any CPU.Build.0 = Debug|Any CPU
		{F6CD3894-A97D-4815-8049-D5480EFD19D3}.Release|Any CPU.ActiveCfg = Release|Any CPU
		{F6CD3894-A97D-4815-8049-D5480EFD19D3}.Release|Any CPU.Build.0 = Release|Any CPU
	EndGlobalSection
	GlobalSection(SolutionProperties) = preSolution
		HideSolutionNode = FALSE
	EndGlobalSection
	GlobalSection(ExtensibilityGlobals) = postSolution
		SolutionGuid = {FD9068E6-853B-40A8-97B8-71F04C50734E}
	EndGlobalSection
EndGlobal
