
Microsoft Visual Studio Solution File, Format Version 12.00
# Visual Studio Version 17
VisualStudioVersion = 17.5.002.0
MinimumVisualStudioVersion = 10.0.40219.1
Project("{9A19103F-16F7-4668-BE54-9A1E7A4F7556}") = "RoboExercito", "RoboExercito.csproj", "{8D93B42F-0F99-477A-908A-21F105188B7E}"
EndProject
Global
	GlobalSection(SolutionConfigurationPlatforms) = preSolution
		Debug|Any CPU = Debug|Any CPU
		Release|Any CPU = Release|Any CPU
	EndGlobalSection
	GlobalSection(ProjectConfigurationPlatforms) = postSolution
		{8D93B42F-0F99-477A-908A-21F105188B7E}.Debug|Any CPU.ActiveCfg = Debug|Any CPU
		{8D93B42F-0F99-477A-908A-21F105188B7E}.Debug|Any CPU.Build.0 = Debug|Any CPU
		{8D93B42F-0F99-477A-908A-21F105188B7E}.Release|Any CPU.ActiveCfg = Release|Any CPU
		{8D93B42F-0F99-477A-908A-21F105188B7E}.Release|Any CPU.Build.0 = Release|Any CPU
	EndGlobalSection
	GlobalSection(SolutionProperties) = preSolution
		HideSolutionNode = FALSE
	EndGlobalSection
	GlobalSection(ExtensibilityGlobals) = postSolution
		SolutionGuid = {C6F5FFCF-DD97-4314-8C1C-5F02F4C1B762}
	EndGlobalSection
EndGlobal
